
Microsoft Visual Studio Solution File, Format Version 12.00
# Visual Studio 15
VisualStudioVersion = 15.0.28010.2003
MinimumVisualStudioVersion = 10.0.40219.1
Project("{8BC9CEB8-8B4A-11D0-8D11-00A0C91BC942}") = "HelloWorlds", "HelloWorlds\HelloWorlds.vcxproj", "{2CA2E9C7-6CF9-4947-947B-4FA73616B2A3}"
EndProject
Global
	GlobalSection(SolutionConfigurationPlatforms) = preSolution
		Debug|x64 = Debug|x64
		Debug|x86 = Debug|x86
		Release|x64 = Release|x64
		Release|x86 = Release|x86
	EndGlobalSection
	GlobalSection(ProjectConfigurationPlatforms) = postSolution
		{2CA2E9C7-6CF9-4947-947B-4FA73616B2A3}.Debug|x64.ActiveCfg = Debug|x64
		{2CA2E9C7-6CF9-4947-947B-4FA73616B2A3}.Debug|x64.Build.0 = Debug|x64
		{2CA2E9C7-6CF9-4947-947B-4FA73616B2A3}.Debug|x86.ActiveCfg = Debug|Win32
		{2CA2E9C7-6CF9-4947-947B-4FA73616B2A3}.Debug|x86.Build.0 = Debug|Win32
		{2CA2E9C7-6CF9-4947-947B-4FA73616B2A3}.Release|x64.ActiveCfg = Release|x64
		{2CA2E9C7-6CF9-4947-947B-4FA73616B2A3}.Release|x64.Build.0 = Release|x64
		{2CA2E9C7-6CF9-4947-947B-4FA73616B2A3}.Release|x86.ActiveCfg = Release|Win32
		{2CA2E9C7-6CF9-4947-947B-4FA73616B2A3}.Release|x86.Build.0 = Release|Win32
	EndGlobalSection
	GlobalSection(SolutionProperties) = preSolution
		HideSolutionNode = FALSE
	EndGlobalSection
	GlobalSection(ExtensibilityGlobals) = postSolution
		SolutionGuid = {B927C73E-A7C2-42E0-A3BB-5E419811613C}
	EndGlobalSection
EndGlobal
